
Microsoft Visual Studio Solution File, Format Version 12.00
Project("{FAE04EC0-301F-11D3-BF4B-00C04F79EFBC}") = "WebApplication", "WebApplication\WebApplication.csproj", "{6E754934-2613-4935-8449-753D089290DE}"
EndProject
Project("{FAE04EC0-301F-11D3-BF4B-00C04F79EFBC}") = "Entities", "Entities\Entities.csproj", "{86082FB6-6473-431E-8C1C-A540CCF35400}"
EndProject
Project("{FAE04EC0-301F-11D3-BF4B-00C04F79EFBC}") = "Infrastructure", "Infrastructure\Infrastructure.csproj", "{DAFDDF9F-B7C3-447C-BD2C-A0154EF641F4}"
EndProject
Global
	GlobalSection(SolutionConfigurationPlatforms) = preSolution
		Debug|Any CPU = Debug|Any CPU
		Release|Any CPU = Release|Any CPU
	EndGlobalSection
	GlobalSection(ProjectConfigurationPlatforms) = postSolution
		{6E754934-2613-4935-8449-753D089290DE}.Debug|Any CPU.ActiveCfg = Debug|Any CPU
		{6E754934-2613-4935-8449-753D089290DE}.Debug|Any CPU.Build.0 = Debug|Any CPU
		{6E754934-2613-4935-8449-753D089290DE}.Release|Any CPU.ActiveCfg = Release|Any CPU
		{6E754934-2613-4935-8449-753D089290DE}.Release|Any CPU.Build.0 = Release|Any CPU
		{86082FB6-6473-431E-8C1C-A540CCF35400}.Debug|Any CPU.ActiveCfg = Debug|Any CPU
		{86082FB6-6473-431E-8C1C-A540CCF35400}.Debug|Any CPU.Build.0 = Debug|Any CPU
		{86082FB6-6473-431E-8C1C-A540CCF35400}.Release|Any CPU.ActiveCfg = Release|Any CPU
		{86082FB6-6473-431E-8C1C-A540CCF35400}.Release|Any CPU.Build.0 = Release|Any CPU
		{DAFDDF9F-B7C3-447C-BD2C-A0154EF641F4}.Debug|Any CPU.ActiveCfg = Debug|Any CPU
		{DAFDDF9F-B7C3-447C-BD2C-A0154EF641F4}.Debug|Any CPU.Build.0 = Debug|Any CPU
		{DAFDDF9F-B7C3-447C-BD2C-A0154EF641F4}.Release|Any CPU.ActiveCfg = Release|Any CPU
		{DAFDDF9F-B7C3-447C-BD2C-A0154EF641F4}.Release|Any CPU.Build.0 = Release|Any CPU
	EndGlobalSection
EndGlobal
